
Microsoft Visual Studio Solution File, Format Version 12.00
# Visual Studio 2012
Project("{FAE04EC0-301F-11D3-BF4B-00C04F79EFBC}") = "07_Calculate", "07_Calculate\07_Calculate.csproj", "{DCFE789F-F22D-49CA-82AF-A3E0900095C1}"
EndProject
Project("{FAE04EC0-301F-11D3-BF4B-00C04F79EFBC}") = "05_Calculate", "05_Calculate\05_Calculate.csproj", "{EC29C158-6CBF-4890-BC8F-D771908021AE}"
EndProject
Project("{FAE04EC0-301F-11D3-BF4B-00C04F79EFBC}") = "04_PrintADeckof52Cards", "04_PrintADeckof52Cards\04_PrintADeckof52Cards.csproj", "{3FA0FDB6-059D-4230-B751-B780F22E8B40}"
EndProject
Project("{FAE04EC0-301F-11D3-BF4B-00C04F79EFBC}") = "09_MatrixOfNumbers", "09_MatrixOfNumbers\09_MatrixOfNumbers.csproj", "{98A6CEFF-A904-4052-A140-8B0A3AB7D1C9}"
EndProject
Project("{FAE04EC0-301F-11D3-BF4B-00C04F79EFBC}") = "10_OddAndEvenProduct", "10_OddAndEvenProduct\10_OddAndEvenProduct.csproj", "{DCA56689-C671-4680-8356-BF330DF2331B}"
EndProject
Project("{FAE04EC0-301F-11D3-BF4B-00C04F79EFBC}") = "11_RandomNumbersInGivenRange", "11_RandomNumbersInGivenRange\11_RandomNumbersInGivenRange.csproj", "{8CB4F8A8-995C-464C-B60D-EED454F68E41}"
EndProject
Project("{FAE04EC0-301F-11D3-BF4B-00C04F79EFBC}") = "13_BinaryToDecimalNumber", "13_BinaryToDecimalNumber\13_BinaryToDecimalNumber.csproj", "{6942D396-A75F-4385-83DF-44AB94DFDBB4}"
EndProject
Project("{FAE04EC0-301F-11D3-BF4B-00C04F79EFBC}") = "14_DecimalToBinaryNumber", "14_DecimalToBinaryNumber\14_DecimalToBinaryNumber.csproj", "{31FDA5BF-8237-4ABF-9970-BBDB920FF4E3}"
EndProject
Project("{FAE04EC0-301F-11D3-BF4B-00C04F79EFBC}") = "15_HexadecimalToDecimalNumber", "15_HexadecimalToDecimalNumber\15_HexadecimalToDecimalNumber.csproj", "{BD471349-196C-4297-808B-06F6E422E9D4}"
EndProject
Project("{FAE04EC0-301F-11D3-BF4B-00C04F79EFBC}") = "16_DecimalToHexadecimalNumber", "16_DecimalToHexadecimalNumber\16_DecimalToHexadecimalNumber.csproj", "{3D9CC0EA-BA9B-47FD-8528-A0819F5731C7}"
EndProject
Project("{FAE04EC0-301F-11D3-BF4B-00C04F79EFBC}") = "08_CatalanNumbers", "08_CatalanNumbers\08_CatalanNumbers.csproj", "{FA3BBD4B-FA4A-41DF-8484-0CECCA7E6A90}"
EndProject
Project("{FAE04EC0-301F-11D3-BF4B-00C04F79EFBC}") = "03_MinMaxSumAndAverageOfNNumbers", "03_MinMaxSumAndAverageOfNNumbers\03_MinMaxSumAndAverageOfNNumbers.csproj", "{2EDF6D7C-532F-4F13-880E-6C6F0726B0CC}"
EndProject
Project("{FAE04EC0-301F-11D3-BF4B-00C04F79EFBC}") = "02_NumbersNotDivisibleBy3And7", "02_NumbersNotDivisibleBy3And7\02_NumbersNotDivisibleBy3And7.csproj", "{2E9D74CF-7C64-4489-943E-F4D0FCC9D061}"
EndProject
Project("{FAE04EC0-301F-11D3-BF4B-00C04F79EFBC}") = "06_CalculateNK", "06_CalculateNK\06_CalculateNK.csproj", "{112B8AFA-C6F7-4EAB-BE36-BEE24E9D3E41}"
EndProject
Project("{FAE04EC0-301F-11D3-BF4B-00C04F79EFBC}") = "01_NumbersFrom1toN", "01_NumbersFrom1toN\01_NumbersFrom1toN.csproj", "{B5CF8605-36EE-4817-B8E8-4C3D6511BEC6}"
EndProject
Global
	GlobalSection(SolutionConfigurationPlatforms) = preSolution
		Debug|x86 = Debug|x86
		Release|x86 = Release|x86
	EndGlobalSection
	GlobalSection(ProjectConfigurationPlatforms) = postSolution
		{112B8AFA-C6F7-4EAB-BE36-BEE24E9D3E41}.Debug|x86.ActiveCfg = Debug|x86
		{112B8AFA-C6F7-4EAB-BE36-BEE24E9D3E41}.Debug|x86.Build.0 = Debug|x86
		{112B8AFA-C6F7-4EAB-BE36-BEE24E9D3E41}.Release|x86.ActiveCfg = Release|x86
		{112B8AFA-C6F7-4EAB-BE36-BEE24E9D3E41}.Release|x86.Build.0 = Release|x86
		{2E9D74CF-7C64-4489-943E-F4D0FCC9D061}.Debug|x86.ActiveCfg = Debug|x86
		{2E9D74CF-7C64-4489-943E-F4D0FCC9D061}.Debug|x86.Build.0 = Debug|x86
		{2E9D74CF-7C64-4489-943E-F4D0FCC9D061}.Release|x86.ActiveCfg = Release|x86
		{2E9D74CF-7C64-4489-943E-F4D0FCC9D061}.Release|x86.Build.0 = Release|x86
		{2EDF6D7C-532F-4F13-880E-6C6F0726B0CC}.Debug|x86.ActiveCfg = Debug|x86
		{2EDF6D7C-532F-4F13-880E-6C6F0726B0CC}.Debug|x86.Build.0 = Debug|x86
		{2EDF6D7C-532F-4F13-880E-6C6F0726B0CC}.Release|x86.ActiveCfg = Release|x86
		{2EDF6D7C-532F-4F13-880E-6C6F0726B0CC}.Release|x86.Build.0 = Release|x86
		{31FDA5BF-8237-4ABF-9970-BBDB920FF4E3}.Debug|x86.ActiveCfg = Debug|x86
		{31FDA5BF-8237-4ABF-9970-BBDB920FF4E3}.Debug|x86.Build.0 = Debug|x86
		{31FDA5BF-8237-4ABF-9970-BBDB920FF4E3}.Release|x86.ActiveCfg = Release|x86
		{31FDA5BF-8237-4ABF-9970-BBDB920FF4E3}.Release|x86.Build.0 = Release|x86
		{3D9CC0EA-BA9B-47FD-8528-A0819F5731C7}.Debug|x86.ActiveCfg = Debug|x86
		{3D9CC0EA-BA9B-47FD-8528-A0819F5731C7}.Debug|x86.Build.0 = Debug|x86
		{3D9CC0EA-BA9B-47FD-8528-A0819F5731C7}.Release|x86.ActiveCfg = Release|x86
		{3D9CC0EA-BA9B-47FD-8528-A0819F5731C7}.Release|x86.Build.0 = Release|x86
		{3FA0FDB6-059D-4230-B751-B780F22E8B40}.Debug|x86.ActiveCfg = Debug|x86
		{3FA0FDB6-059D-4230-B751-B780F22E8B40}.Debug|x86.Build.0 = Debug|x86
		{3FA0FDB6-059D-4230-B751-B780F22E8B40}.Release|x86.ActiveCfg = Release|x86
		{3FA0FDB6-059D-4230-B751-B780F22E8B40}.Release|x86.Build.0 = Release|x86
		{6942D396-A75F-4385-83DF-44AB94DFDBB4}.Debug|x86.ActiveCfg = Debug|x86
		{6942D396-A75F-4385-83DF-44AB94DFDBB4}.Debug|x86.Build.0 = Debug|x86
		{6942D396-A75F-4385-83DF-44AB94DFDBB4}.Release|x86.ActiveCfg = Release|x86
		{6942D396-A75F-4385-83DF-44AB94DFDBB4}.Release|x86.Build.0 = Release|x86
		{8CB4F8A8-995C-464C-B60D-EED454F68E41}.Debug|x86.ActiveCfg = Debug|x86
		{8CB4F8A8-995C-464C-B60D-EED454F68E41}.Debug|x86.Build.0 = Debug|x86
		{8CB4F8A8-995C-464C-B60D-EED454F68E41}.Release|x86.ActiveCfg = Release|x86
		{8CB4F8A8-995C-464C-B60D-EED454F68E41}.Release|x86.Build.0 = Release|x86
		{98A6CEFF-A904-4052-A140-8B0A3AB7D1C9}.Debug|x86.ActiveCfg = Debug|x86
		{98A6CEFF-A904-4052-A140-8B0A3AB7D1C9}.Debug|x86.Build.0 = Debug|x86
		{98A6CEFF-A904-4052-A140-8B0A3AB7D1C9}.Release|x86.ActiveCfg = Release|x86
		{98A6CEFF-A904-4052-A140-8B0A3AB7D1C9}.Release|x86.Build.0 = Release|x86
		{B5CF8605-36EE-4817-B8E8-4C3D6511BEC6}.Debug|x86.ActiveCfg = Debug|x86
		{B5CF8605-36EE-4817-B8E8-4C3D6511BEC6}.Debug|x86.Build.0 = Debug|x86
		{B5CF8605-36EE-4817-B8E8-4C3D6511BEC6}.Release|x86.ActiveCfg = Release|x86
		{B5CF8605-36EE-4817-B8E8-4C3D6511BEC6}.Release|x86.Build.0 = Release|x86
		{BD471349-196C-4297-808B-06F6E422E9D4}.Debug|x86.ActiveCfg = Debug|x86
		{BD471349-196C-4297-808B-06F6E422E9D4}.Debug|x86.Build.0 = Debug|x86
		{BD471349-196C-4297-808B-06F6E422E9D4}.Release|x86.ActiveCfg = Release|x86
		{BD471349-196C-4297-808B-06F6E422E9D4}.Release|x86.Build.0 = Release|x86
		{DCA56689-C671-4680-8356-BF330DF2331B}.Debug|x86.ActiveCfg = Debug|x86
		{DCA56689-C671-4680-8356-BF330DF2331B}.Debug|x86.Build.0 = Debug|x86
		{DCA56689-C671-4680-8356-BF330DF2331B}.Release|x86.ActiveCfg = Release|x86
		{DCA56689-C671-4680-8356-BF330DF2331B}.Release|x86.Build.0 = Release|x86
		{DCFE789F-F22D-49CA-82AF-A3E0900095C1}.Debug|x86.ActiveCfg = Debug|x86
		{DCFE789F-F22D-49CA-82AF-A3E0900095C1}.Debug|x86.Build.0 = Debug|x86
		{DCFE789F-F22D-49CA-82AF-A3E0900095C1}.Release|x86.ActiveCfg = Release|x86
		{DCFE789F-F22D-49CA-82AF-A3E0900095C1}.Release|x86.Build.0 = Release|x86
		{EC29C158-6CBF-4890-BC8F-D771908021AE}.Debug|x86.ActiveCfg = Debug|x86
		{EC29C158-6CBF-4890-BC8F-D771908021AE}.Debug|x86.Build.0 = Debug|x86
		{EC29C158-6CBF-4890-BC8F-D771908021AE}.Release|x86.ActiveCfg = Release|x86
		{EC29C158-6CBF-4890-BC8F-D771908021AE}.Release|x86.Build.0 = Release|x86
		{FA3BBD4B-FA4A-41DF-8484-0CECCA7E6A90}.Debug|x86.ActiveCfg = Debug|x86
		{FA3BBD4B-FA4A-41DF-8484-0CECCA7E6A90}.Debug|x86.Build.0 = Debug|x86
		{FA3BBD4B-FA4A-41DF-8484-0CECCA7E6A90}.Release|x86.ActiveCfg = Release|x86
		{FA3BBD4B-FA4A-41DF-8484-0CECCA7E6A90}.Release|x86.Build.0 = Release|x86
	EndGlobalSection
	GlobalSection(MonoDevelopProperties) = preSolution
		Policies = $0
		$0.DotNetNamingPolicy = $1
		$1.DirectoryNamespaceAssociation = None
		$1.ResourceNamePolicy = FileFormatDefault
		$0.TextStylePolicy = $2
		$2.inheritsSet = VisualStudio
		$2.inheritsScope = text/plain
		$2.scope = text/x-csharp
		$0.CSharpFormattingPolicy = $3
		$3.IndentSwitchBody = True
		$3.IndentBlocksInsideExpressions = True
		$3.AnonymousMethodBraceStyle = NextLine
		$3.PropertyBraceStyle = NextLine
		$3.PropertyGetBraceStyle = NextLine
		$3.PropertySetBraceStyle = NextLine
		$3.EventBraceStyle = NextLine
		$3.EventAddBraceStyle = NextLine
		$3.EventRemoveBraceStyle = NextLine
		$3.StatementBraceStyle = NextLine
		$3.ElseNewLinePlacement = NewLine
		$3.CatchNewLinePlacement = NewLine
		$3.FinallyNewLinePlacement = NewLine
		$3.WhileNewLinePlacement = DoNotCare
		$3.ArrayInitializerWrapping = DoNotChange
		$3.ArrayInitializerBraceStyle = NextLine
		$3.BeforeMethodDeclarationParentheses = False
		$3.BeforeMethodCallParentheses = False
		$3.BeforeConstructorDeclarationParentheses = False
		$3.NewLineBeforeConstructorInitializerColon = NewLine
		$3.NewLineAfterConstructorInitializerColon = SameLine
		$3.BeforeDelegateDeclarationParentheses = False
		$3.NewParentheses = False
		$3.SpacesBeforeBrackets = False
		$3.inheritsSet = Mono
		$3.inheritsScope = text/x-csharp
		$3.scope = text/x-csharp
		$0.TextStylePolicy = $4
		$4.FileWidth = 120
		$4.TabsToSpaces = False
		$4.inheritsSet = VisualStudio
		$4.inheritsScope = text/plain
		$4.scope = text/plain
		$0.StandardHeader = $5
		$5.Text = 
		$5.IncludeInNewFiles = True
		$0.NameConventionPolicy = $6
		$6.Rules = $7
		$7.NamingRule = $8
		$8.Name = Namespaces
		$8.AffectedEntity = Namespace
		$8.VisibilityMask = VisibilityMask
		$8.NamingStyle = PascalCase
		$8.IncludeInstanceMembers = True
		$8.IncludeStaticEntities = True
		$7.NamingRule = $9
		$9.Name = Types
		$9.AffectedEntity = Class, Struct, Enum, Delegate
		$9.VisibilityMask = Public
		$9.NamingStyle = PascalCase
		$9.IncludeInstanceMembers = True
		$9.IncludeStaticEntities = True
		$7.NamingRule = $10
		$10.Name = Interfaces
		$10.RequiredPrefixes = $11
		$11.String = I
		$10.AffectedEntity = Interface
		$10.VisibilityMask = Public
		$10.NamingStyle = PascalCase
		$10.IncludeInstanceMembers = True
		$10.IncludeStaticEntities = True
		$7.NamingRule = $12
		$12.Name = Attributes
		$12.RequiredSuffixes = $13
		$13.String = Attribute
		$12.AffectedEntity = CustomAttributes
		$12.VisibilityMask = Public
		$12.NamingStyle = PascalCase
		$12.IncludeInstanceMembers = True
		$12.IncludeStaticEntities = True
		$7.NamingRule = $14
		$14.Name = Event Arguments
		$14.RequiredSuffixes = $15
		$15.String = EventArgs
		$14.AffectedEntity = CustomEventArgs
		$14.VisibilityMask = Public
		$14.NamingStyle = PascalCase
		$14.IncludeInstanceMembers = True
		$14.IncludeStaticEntities = True
		$7.NamingRule = $16
		$16.Name = Exceptions
		$16.RequiredSuffixes = $17
		$17.String = Exception
		$16.AffectedEntity = CustomExceptions
		$16.VisibilityMask = VisibilityMask
		$16.NamingStyle = PascalCase
		$16.IncludeInstanceMembers = True
		$16.IncludeStaticEntities = True
		$7.NamingRule = $18
		$18.Name = Methods
		$18.AffectedEntity = Methods
		$18.VisibilityMask = Protected, Public
		$18.NamingStyle = PascalCase
		$18.IncludeInstanceMembers = True
		$18.IncludeStaticEntities = True
		$7.NamingRule = $19
		$19.Name = Static Readonly Fields
		$19.AffectedEntity = ReadonlyField
		$19.VisibilityMask = Protected, Public
		$19.NamingStyle = PascalCase
		$19.IncludeInstanceMembers = False
		$19.IncludeStaticEntities = True
		$7.NamingRule = $20
		$20.Name = Fields
		$20.AffectedEntity = Field
		$20.VisibilityMask = Protected, Public
		$20.NamingStyle = PascalCase
		$20.IncludeInstanceMembers = True
		$20.IncludeStaticEntities = True
		$7.NamingRule = $21
		$21.Name = ReadOnly Fields
		$21.AffectedEntity = ReadonlyField
		$21.VisibilityMask = Protected, Public
		$21.NamingStyle = PascalCase
		$21.IncludeInstanceMembers = True
		$21.IncludeStaticEntities = False
		$7.NamingRule = $22
		$22.Name = Constant Fields
		$22.AffectedEntity = ConstantField
		$22.VisibilityMask = Protected, Public
		$22.NamingStyle = PascalCase
		$22.IncludeInstanceMembers = True
		$22.IncludeStaticEntities = True
		$7.NamingRule = $23
		$23.Name = Properties
		$23.AffectedEntity = Property
		$23.VisibilityMask = Protected, Public
		$23.NamingStyle = PascalCase
		$23.IncludeInstanceMembers = True
		$23.IncludeStaticEntities = True
		$7.NamingRule = $24
		$24.Name = Events
		$24.AffectedEntity = Event
		$24.VisibilityMask = Protected, Public
		$24.NamingStyle = PascalCase
		$24.IncludeInstanceMembers = True
		$24.IncludeStaticEntities = True
		$7.NamingRule = $25
		$25.Name = Enum Members
		$25.AffectedEntity = EnumMember
		$25.VisibilityMask = VisibilityMask
		$25.NamingStyle = PascalCase
		$25.IncludeInstanceMembers = True
		$25.IncludeStaticEntities = True
		$7.NamingRule = $26
		$26.Name = Parameters
		$26.AffectedEntity = Parameter
		$26.VisibilityMask = VisibilityMask
		$26.NamingStyle = CamelCase
		$26.IncludeInstanceMembers = True
		$26.IncludeStaticEntities = True
		$7.NamingRule = $27
		$27.Name = Type Parameters
		$27.RequiredPrefixes = $28
		$28.String = T
		$27.AffectedEntity = TypeParameter
		$27.VisibilityMask = VisibilityMask
		$27.NamingStyle = PascalCase
		$27.IncludeInstanceMembers = True
		$27.IncludeStaticEntities = True
		$0.VersionControlPolicy = $29
		$29.inheritsSet = Mono
	EndGlobalSection
EndGlobal
